
Microsoft Visual Studio Solution File, Format Version 12.00
# Visual Studio Version 17
VisualStudioVersion = 17.9.34701.34
MinimumVisualStudioVersion = 10.0.40219.1
Project("{8BC9CEB8-8B4A-11D0-8D11-00A0C91BC942}") = "pointers", "pointers\pointers.vcxproj", "{6F00FBDC-758F-4AE4-9146-7F7EE86408CF}"
EndProject
Global
	GlobalSection(SolutionConfigurationPlatforms) = preSolution
		Debug|x64 = Debug|x64
		Debug|x86 = Debug|x86
		Release|x64 = Release|x64
		Release|x86 = Release|x86
	EndGlobalSection
	GlobalSection(ProjectConfigurationPlatforms) = postSolution
		{6F00FBDC-758F-4AE4-9146-7F7EE86408CF}.Debug|x64.ActiveCfg = Debug|x64
		{6F00FBDC-758F-4AE4-9146-7F7EE86408CF}.Debug|x64.Build.0 = Debug|x64
		{6F00FBDC-758F-4AE4-9146-7F7EE86408CF}.Debug|x86.ActiveCfg = Debug|Win32
		{6F00FBDC-758F-4AE4-9146-7F7EE86408CF}.Debug|x86.Build.0 = Debug|Win32
		{6F00FBDC-758F-4AE4-9146-7F7EE86408CF}.Release|x64.ActiveCfg = Release|x64
		{6F00FBDC-758F-4AE4-9146-7F7EE86408CF}.Release|x64.Build.0 = Release|x64
		{6F00FBDC-758F-4AE4-9146-7F7EE86408CF}.Release|x86.ActiveCfg = Release|Win32
		{6F00FBDC-758F-4AE4-9146-7F7EE86408CF}.Release|x86.Build.0 = Release|Win32
	EndGlobalSection
	GlobalSection(SolutionProperties) = preSolution
		HideSolutionNode = FALSE
	EndGlobalSection
	GlobalSection(ExtensibilityGlobals) = postSolution
		SolutionGuid = {E1BDEE52-7020-4E4C-B897-4B242B8F90AE}
	EndGlobalSection
EndGlobal
